// !$*UTF8*$!
{
	archiveVersion = 1;
	classes = {
	};
	objectVersion = 48;
	objects = {

/* Begin PBXBuildFile section */
		A9957D8520C5D5CE00FB7C3F /* AppDelegate.m in Sources */ = {isa = PBXBuildFile; fileRef = A9957D8420C5D5CE00FB7C3F /* AppDelegate.m */; };
		A9957D8B20C5D5CE00FB7C3F /* Main.storyboard in Resources */ = {isa = PBXBuildFile; fileRef = A9957D8920C5D5CE00FB7C3F /* Main.storyboard */; };
		A9957D8E20C5D5CE00FB7C3F /* TabCom_Exercise.xcdatamodeld in Sources */ = {isa = PBXBuildFile; fileRef = A9957D8C20C5D5CE00FB7C3F /* TabCom_Exercise.xcdatamodeld */; };
		A9957D9020C5D5CE00FB7C3F /* Assets.xcassets in Resources */ = {isa = PBXBuildFile; fileRef = A9957D8F20C5D5CE00FB7C3F /* Assets.xcassets */; };
		A9957D9320C5D5CE00FB7C3F /* LaunchScreen.storyboard in Resources */ = {isa = PBXBuildFile; fileRef = A9957D9120C5D5CE00FB7C3F /* LaunchScreen.storyboard */; };
		A9957D9620C5D5CE00FB7C3F /* main.m in Sources */ = {isa = PBXBuildFile; fileRef = A9957D9520C5D5CE00FB7C3F /* main.m */; };
		A9957DA020C5D5CF00FB7C3F /* TabCom_ExerciseTests.m in Sources */ = {isa = PBXBuildFile; fileRef = A9957D9F20C5D5CF00FB7C3F /* TabCom_ExerciseTests.m */; };
		A9957DAB20C5D5CF00FB7C3F /* TabCom_ExerciseUITests.m in Sources */ = {isa = PBXBuildFile; fileRef = A9957DAA20C5D5CF00FB7C3F /* TabCom_ExerciseUITests.m */; };
		A9982D3220C5DEE500307F48 /* RequestData.m in Sources */ = {isa = PBXBuildFile; fileRef = A9982D3120C5DEE500307F48 /* RequestData.m */; };
		A9982D3420C5E0A300307F48 /* Global.h in Resources */ = {isa = PBXBuildFile; fileRef = A9982D3320C5DF7200307F48 /* Global.h */; };
		A9982D3A20C5E44400307F48 /* ExpensesTableViewController.m in Sources */ = {isa = PBXBuildFile; fileRef = A9982D3820C5E44400307F48 /* ExpensesTableViewController.m */; };
		A9982D3B20C5E44400307F48 /* ExpensesTableViewController.xib in Resources */ = {isa = PBXBuildFile; fileRef = A9982D3920C5E44400307F48 /* ExpensesTableViewController.xib */; };
		A9982D3F20C5E56000307F48 /* ExpenseDetailTableViewController.m in Sources */ = {isa = PBXBuildFile; fileRef = A9982D3D20C5E56000307F48 /* ExpenseDetailTableViewController.m */; };
		A9982D4020C5E56000307F48 /* ExpenseDetailTableViewController.xib in Resources */ = {isa = PBXBuildFile; fileRef = A9982D3E20C5E56000307F48 /* ExpenseDetailTableViewController.xib */; };
		A9982D4420C5F7AD00307F48 /* Utility.m in Sources */ = {isa = PBXBuildFile; fileRef = A9982D4320C5F7AD00307F48 /* Utility.m */; };
		A9982D4820C5FBB300307F48 /* ExpenseTableViewCell.m in Sources */ = {isa = PBXBuildFile; fileRef = A9982D4620C5FBB300307F48 /* ExpenseTableViewCell.m */; };
		A9982D4920C5FBB300307F48 /* ExpenseTableViewCell.xib in Resources */ = {isa = PBXBuildFile; fileRef = A9982D4720C5FBB300307F48 /* ExpenseTableViewCell.xib */; };
		A9982D4D20C6219C00307F48 /* Total.m in Sources */ = {isa = PBXBuildFile; fileRef = A9982D4C20C6219C00307F48 /* Total.m */; };
		D4EE4ABA30C65BADEA5367AD /* libPods-TabCom_Exercise.a in Frameworks */ = {isa = PBXBuildFile; fileRef = 19D7E01E1CE22D420884772F /* libPods-TabCom_Exercise.a */; };
/* End PBXBuildFile section */

/* Begin PBXContainerItemProxy section */
		A9957D9C20C5D5CF00FB7C3F /* PBXContainerItemProxy */ = {
			isa = PBXContainerItemProxy;
			containerPortal = A9957D7820C5D5CE00FB7C3F /* Project object */;
			proxyType = 1;
			remoteGlobalIDString = A9957D7F20C5D5CE00FB7C3F;
			remoteInfo = TabCom_Exercise;
		};
		A9957DA720C5D5CF00FB7C3F /* PBXContainerItemProxy */ = {
			isa = PBXContainerItemProxy;
			containerPortal = A9957D7820C5D5CE00FB7C3F /* Project object */;
			proxyType = 1;
			remoteGlobalIDString = A9957D7F20C5D5CE00FB7C3F;
			remoteInfo = TabCom_Exercise;
		};
/* End PBXContainerItemProxy section */

/* Begin PBXFileReference section */
		19D7E01E1CE22D420884772F /* libPods-TabCom_Exercise.a */ = {isa = PBXFileReference; explicitFileType = archive.ar; includeInIndex = 0; path = "libPods-TabCom_Exercise.a"; sourceTree = BUILT_PRODUCTS_DIR; };
		7DC8E0CE73CEFD584568E45B /* Pods-TabCom_Exercise.debug.xcconfig */ = {isa = PBXFileReference; includeInIndex = 1; lastKnownFileType = text.xcconfig; name = "Pods-TabCom_Exercise.debug.xcconfig"; path = "Pods/Target Support Files/Pods-TabCom_Exercise/Pods-TabCom_Exercise.debug.xcconfig"; sourceTree = "<group>"; };
		951A5AE6C786E4FF8AEFEDB6 /* Pods-TabCom_Exercise.release.xcconfig */ = {isa = PBXFileReference; includeInIndex = 1; lastKnownFileType = text.xcconfig; name = "Pods-TabCom_Exercise.release.xcconfig"; path = "Pods/Target Support Files/Pods-TabCom_Exercise/Pods-TabCom_Exercise.release.xcconfig"; sourceTree = "<group>"; };
		A9957D8020C5D5CE00FB7C3F /* TabCom_Exercise.app */ = {isa = PBXFileReference; explicitFileType = wrapper.application; includeInIndex = 0; path = TabCom_Exercise.app; sourceTree = BUILT_PRODUCTS_DIR; };
		A9957D8320C5D5CE00FB7C3F /* AppDelegate.h */ = {isa = PBXFileReference; lastKnownFileType = sourcecode.c.h; path = AppDelegate.h; sourceTree = "<group>"; };
		A9957D8420C5D5CE00FB7C3F /* AppDelegate.m */ = {isa = PBXFileReference; lastKnownFileType = sourcecode.c.objc; path = AppDelegate.m; sourceTree = "<group>"; };
		A9957D8A20C5D5CE00FB7C3F /* Base */ = {isa = PBXFileReference; lastKnownFileType = file.storyboard; name = Base; path = Base.lproj/Main.storyboard; sourceTree = "<group>"; };
		A9957D8D20C5D5CE00FB7C3F /* TabCom_Exercise.xcdatamodel */ = {isa = PBXFileReference; lastKnownFileType = wrapper.xcdatamodel; path = TabCom_Exercise.xcdatamodel; sourceTree = "<group>"; };
		A9957D8F20C5D5CE00FB7C3F /* Assets.xcassets */ = {isa = PBXFileReference; lastKnownFileType = folder.assetcatalog; path = Assets.xcassets; sourceTree = "<group>"; };
		A9957D9220C5D5CE00FB7C3F /* Base */ = {isa = PBXFileReference; lastKnownFileType = file.storyboard; name = Base; path = Base.lproj/LaunchScreen.storyboard; sourceTree = "<group>"; };
		A9957D9420C5D5CE00FB7C3F /* Info.plist */ = {isa = PBXFileReference; lastKnownFileType = text.plist.xml; path = Info.plist; sourceTree = "<group>"; };
		A9957D9520C5D5CE00FB7C3F /* main.m */ = {isa = PBXFileReference; lastKnownFileType = sourcecode.c.objc; path = main.m; sourceTree = "<group>"; };
		A9957D9B20C5D5CF00FB7C3F /* TabCom_ExerciseTests.xctest */ = {isa = PBXFileReference; explicitFileType = wrapper.cfbundle; includeInIndex = 0; path = TabCom_ExerciseTests.xctest; sourceTree = BUILT_PRODUCTS_DIR; };
		A9957D9F20C5D5CF00FB7C3F /* TabCom_ExerciseTests.m */ = {isa = PBXFileReference; lastKnownFileType = sourcecode.c.objc; path = TabCom_ExerciseTests.m; sourceTree = "<group>"; };
		A9957DA120C5D5CF00FB7C3F /* Info.plist */ = {isa = PBXFileReference; lastKnownFileType = text.plist.xml; path = Info.plist; sourceTree = "<group>"; };
		A9957DA620C5D5CF00FB7C3F /* TabCom_ExerciseUITests.xctest */ = {isa = PBXFileReference; explicitFileType = wrapper.cfbundle; includeInIndex = 0; path = TabCom_ExerciseUITests.xctest; sourceTree = BUILT_PRODUCTS_DIR; };
		A9957DAA20C5D5CF00FB7C3F /* TabCom_ExerciseUITests.m */ = {isa = PBXFileReference; lastKnownFileType = sourcecode.c.objc; path = TabCom_ExerciseUITests.m; sourceTree = "<group>"; };
		A9957DAC20C5D5CF00FB7C3F /* Info.plist */ = {isa = PBXFileReference; lastKnownFileType = text.plist.xml; path = Info.plist; sourceTree = "<group>"; };
		A9982D3020C5DEE500307F48 /* RequestData.h */ = {isa = PBXFileReference; lastKnownFileType = sourcecode.c.h; path = RequestData.h; sourceTree = "<group>"; };
		A9982D3120C5DEE500307F48 /* RequestData.m */ = {isa = PBXFileReference; lastKnownFileType = sourcecode.c.objc; path = RequestData.m; sourceTree = "<group>"; };
		A9982D3320C5DF7200307F48 /* Global.h */ = {isa = PBXFileReference; lastKnownFileType = sourcecode.c.h; path = Global.h; sourceTree = "<group>"; };
		A9982D3720C5E44400307F48 /* ExpensesTableViewController.h */ = {isa = PBXFileReference; lastKnownFileType = sourcecode.c.h; path = ExpensesTableViewController.h; sourceTree = "<group>"; };
		A9982D3820C5E44400307F48 /* ExpensesTableViewController.m */ = {isa = PBXFileReference; lastKnownFileType = sourcecode.c.objc; path = ExpensesTableViewController.m; sourceTree = "<group>"; };
		A9982D3920C5E44400307F48 /* ExpensesTableViewController.xib */ = {isa = PBXFileReference; lastKnownFileType = file.xib; path = ExpensesTableViewController.xib; sourceTree = "<group>"; };
		A9982D3C20C5E56000307F48 /* ExpenseDetailTableViewController.h */ = {isa = PBXFileReference; lastKnownFileType = sourcecode.c.h; path = ExpenseDetailTableViewController.h; sourceTree = "<group>"; };
		A9982D3D20C5E56000307F48 /* ExpenseDetailTableViewController.m */ = {isa = PBXFileReference; lastKnownFileType = sourcecode.c.objc; path = ExpenseDetailTableViewController.m; sourceTree = "<group>"; };
		A9982D3E20C5E56000307F48 /* ExpenseDetailTableViewController.xib */ = {isa = PBXFileReference; lastKnownFileType = file.xib; path = ExpenseDetailTableViewController.xib; sourceTree = "<group>"; };
		A9982D4220C5F7AD00307F48 /* Utility.h */ = {isa = PBXFileReference; lastKnownFileType = sourcecode.c.h; path = Utility.h; sourceTree = "<group>"; };
		A9982D4320C5F7AD00307F48 /* Utility.m */ = {isa = PBXFileReference; lastKnownFileType = sourcecode.c.objc; path = Utility.m; sourceTree = "<group>"; };
		A9982D4520C5FBB300307F48 /* ExpenseTableViewCell.h */ = {isa = PBXFileReference; lastKnownFileType = sourcecode.c.h; path = ExpenseTableViewCell.h; sourceTree = "<group>"; };
		A9982D4620C5FBB300307F48 /* ExpenseTableViewCell.m */ = {isa = PBXFileReference; lastKnownFileType = sourcecode.c.objc; path = ExpenseTableViewCell.m; sourceTree = "<group>"; };
		A9982D4720C5FBB300307F48 /* ExpenseTableViewCell.xib */ = {isa = PBXFileReference; lastKnownFileType = file.xib; path = ExpenseTableViewCell.xib; sourceTree = "<group>"; };
		A9982D4B20C6219C00307F48 /* Total.h */ = {isa = PBXFileReference; lastKnownFileType = sourcecode.c.h; path = Total.h; sourceTree = "<group>"; };
		A9982D4C20C6219C00307F48 /* Total.m */ = {isa = PBXFileReference; lastKnownFileType = sourcecode.c.objc; path = Total.m; sourceTree = "<group>"; };
/* End PBXFileReference section */

/* Begin PBXFrameworksBuildPhase section */
		A9957D7D20C5D5CE00FB7C3F /* Frameworks */ = {
			isa = PBXFrameworksBuildPhase;
			buildActionMask = 2147483647;
			files = (
				D4EE4ABA30C65BADEA5367AD /* libPods-TabCom_Exercise.a in Frameworks */,
			);
			runOnlyForDeploymentPostprocessing = 0;
		};
		A9957D9820C5D5CF00FB7C3F /* Frameworks */ = {
			isa = PBXFrameworksBuildPhase;
			buildActionMask = 2147483647;
			files = (
			);
			runOnlyForDeploymentPostprocessing = 0;
		};
		A9957DA320C5D5CF00FB7C3F /* Frameworks */ = {
			isa = PBXFrameworksBuildPhase;
			buildActionMask = 2147483647;
			files = (
			);
			runOnlyForDeploymentPostprocessing = 0;
		};
/* End PBXFrameworksBuildPhase section */

/* Begin PBXGroup section */
		4DC0AC6676D653205E57158D /* Frameworks */ = {
			isa = PBXGroup;
			children = (
				19D7E01E1CE22D420884772F /* libPods-TabCom_Exercise.a */,
			);
			name = Frameworks;
			sourceTree = "<group>";
		};
		8978B058E10668D2ECE0AA30 /* Pods */ = {
			isa = PBXGroup;
			children = (
				7DC8E0CE73CEFD584568E45B /* Pods-TabCom_Exercise.debug.xcconfig */,
				951A5AE6C786E4FF8AEFEDB6 /* Pods-TabCom_Exercise.release.xcconfig */,
			);
			name = Pods;
			sourceTree = "<group>";
		};
		A9957D7720C5D5CE00FB7C3F = {
			isa = PBXGroup;
			children = (
				A9957D8220C5D5CE00FB7C3F /* TabCom_Exercise */,
				A9957D9E20C5D5CF00FB7C3F /* TabCom_ExerciseTests */,
				A9957DA920C5D5CF00FB7C3F /* TabCom_ExerciseUITests */,
				A9957D8120C5D5CE00FB7C3F /* Products */,
				8978B058E10668D2ECE0AA30 /* Pods */,
				4DC0AC6676D653205E57158D /* Frameworks */,
			);
			sourceTree = "<group>";
		};
		A9957D8120C5D5CE00FB7C3F /* Products */ = {
			isa = PBXGroup;
			children = (
				A9957D8020C5D5CE00FB7C3F /* TabCom_Exercise.app */,
				A9957D9B20C5D5CF00FB7C3F /* TabCom_ExerciseTests.xctest */,
				A9957DA620C5D5CF00FB7C3F /* TabCom_ExerciseUITests.xctest */,
			);
			name = Products;
			sourceTree = "<group>";
		};
		A9957D8220C5D5CE00FB7C3F /* TabCom_Exercise */ = {
			isa = PBXGroup;
			children = (
				A9982D4A20C6218300307F48 /* Classes */,
				A9982D3620C5E41200307F48 /* View */,
				A9982D3520C5E3FC00307F48 /* Controller */,
				A9982D2F20C5DEAD00307F48 /* Request */,
				A9957D8320C5D5CE00FB7C3F /* AppDelegate.h */,
				A9957D8420C5D5CE00FB7C3F /* AppDelegate.m */,
				A9957D8920C5D5CE00FB7C3F /* Main.storyboard */,
				A9957D8F20C5D5CE00FB7C3F /* Assets.xcassets */,
				A9957D9120C5D5CE00FB7C3F /* LaunchScreen.storyboard */,
				A9957D9420C5D5CE00FB7C3F /* Info.plist */,
				A9957D9520C5D5CE00FB7C3F /* main.m */,
				A9957D8C20C5D5CE00FB7C3F /* TabCom_Exercise.xcdatamodeld */,
				A9982D3320C5DF7200307F48 /* Global.h */,
			);
			path = TabCom_Exercise;
			sourceTree = "<group>";
		};
		A9957D9E20C5D5CF00FB7C3F /* TabCom_ExerciseTests */ = {
			isa = PBXGroup;
			children = (
				A9957D9F20C5D5CF00FB7C3F /* TabCom_ExerciseTests.m */,
				A9957DA120C5D5CF00FB7C3F /* Info.plist */,
			);
			path = TabCom_ExerciseTests;
			sourceTree = "<group>";
		};
		A9957DA920C5D5CF00FB7C3F /* TabCom_ExerciseUITests */ = {
			isa = PBXGroup;
			children = (
				A9957DAA20C5D5CF00FB7C3F /* TabCom_ExerciseUITests.m */,
				A9957DAC20C5D5CF00FB7C3F /* Info.plist */,
			);
			path = TabCom_ExerciseUITests;
			sourceTree = "<group>";
		};
		A9982D2F20C5DEAD00307F48 /* Request */ = {
			isa = PBXGroup;
			children = (
				A9982D3020C5DEE500307F48 /* RequestData.h */,
				A9982D3120C5DEE500307F48 /* RequestData.m */,
				A9982D4220C5F7AD00307F48 /* Utility.h */,
				A9982D4320C5F7AD00307F48 /* Utility.m */,
			);
			path = Request;
			sourceTree = "<group>";
		};
		A9982D3520C5E3FC00307F48 /* Controller */ = {
			isa = PBXGroup;
			children = (
				A9982D3720C5E44400307F48 /* ExpensesTableViewController.h */,
				A9982D3820C5E44400307F48 /* ExpensesTableViewController.m */,
				A9982D3C20C5E56000307F48 /* ExpenseDetailTableViewController.h */,
				A9982D3D20C5E56000307F48 /* ExpenseDetailTableViewController.m */,
			);
			path = Controller;
			sourceTree = "<group>";
		};
		A9982D3620C5E41200307F48 /* View */ = {
			isa = PBXGroup;
			children = (
				A9982D4120C5E59800307F48 /* Cells */,
				A9982D3920C5E44400307F48 /* ExpensesTableViewController.xib */,
				A9982D3E20C5E56000307F48 /* ExpenseDetailTableViewController.xib */,
			);
			path = View;
			sourceTree = "<group>";
		};
		A9982D4120C5E59800307F48 /* Cells */ = {
			isa = PBXGroup;
			children = (
				A9982D4520C5FBB300307F48 /* ExpenseTableViewCell.h */,
				A9982D4620C5FBB300307F48 /* ExpenseTableViewCell.m */,
				A9982D4720C5FBB300307F48 /* ExpenseTableViewCell.xib */,
			);
			path = Cells;
			sourceTree = "<group>";
		};
		A9982D4A20C6218300307F48 /* Classes */ = {
			isa = PBXGroup;
			children = (
				A9982D4B20C6219C00307F48 /* Total.h */,
				A9982D4C20C6219C00307F48 /* Total.m */,
			);
			path = Classes;
			sourceTree = "<group>";
		};
/* End PBXGroup section */

/* Begin PBXNativeTarget section */
		A9957D7F20C5D5CE00FB7C3F /* TabCom_Exercise */ = {
			isa = PBXNativeTarget;
			buildConfigurationList = A9957DAF20C5D5CF00FB7C3F /* Build configuration list for PBXNativeTarget "TabCom_Exercise" */;
			buildPhases = (
				1CAE185C7DF08869313C3849 /* [CP] Check Pods Manifest.lock */,
				A9957D7C20C5D5CE00FB7C3F /* Sources */,
				A9957D7D20C5D5CE00FB7C3F /* Frameworks */,
				A9957D7E20C5D5CE00FB7C3F /* Resources */,
			);
			buildRules = (
			);
			dependencies = (
			);
			name = TabCom_Exercise;
			productName = TabCom_Exercise;
			productReference = A9957D8020C5D5CE00FB7C3F /* TabCom_Exercise.app */;
			productType = "com.apple.product-type.application";
		};
		A9957D9A20C5D5CF00FB7C3F /* TabCom_ExerciseTests */ = {
			isa = PBXNativeTarget;
			buildConfigurationList = A9957DB220C5D5CF00FB7C3F /* Build configuration list for PBXNativeTarget "TabCom_ExerciseTests" */;
			buildPhases = (
				A9957D9720C5D5CF00FB7C3F /* Sources */,
				A9957D9820C5D5CF00FB7C3F /* Frameworks */,
				A9957D9920C5D5CF00FB7C3F /* Resources */,
			);
			buildRules = (
			);
			dependencies = (
				A9957D9D20C5D5CF00FB7C3F /* PBXTargetDependency */,
			);
			name = TabCom_ExerciseTests;
			productName = TabCom_ExerciseTests;
			productReference = A9957D9B20C5D5CF00FB7C3F /* TabCom_ExerciseTests.xctest */;
			productType = "com.apple.product-type.bundle.unit-test";
		};
		A9957DA520C5D5CF00FB7C3F /* TabCom_ExerciseUITests */ = {
			isa = PBXNativeTarget;
			buildConfigurationList = A9957DB520C5D5CF00FB7C3F /* Build configuration list for PBXNativeTarget "TabCom_ExerciseUITests" */;
			buildPhases = (
				A9957DA220C5D5CF00FB7C3F /* Sources */,
				A9957DA320C5D5CF00FB7C3F /* Frameworks */,
				A9957DA420C5D5CF00FB7C3F /* Resources */,
			);
			buildRules = (
			);
			dependencies = (
				A9957DA820C5D5CF00FB7C3F /* PBXTargetDependency */,
			);
			name = TabCom_ExerciseUITests;
			productName = TabCom_ExerciseUITests;
			productReference = A9957DA620C5D5CF00FB7C3F /* TabCom_ExerciseUITests.xctest */;
			productType = "com.apple.product-type.bundle.ui-testing";
		};
/* End PBXNativeTarget section */

/* Begin PBXProject section */
		A9957D7820C5D5CE00FB7C3F /* Project object */ = {
			isa = PBXProject;
			attributes = {
				LastUpgradeCheck = 0920;
				ORGANIZATIONNAME = Bill_Seaman;
				TargetAttributes = {
					A9957D7F20C5D5CE00FB7C3F = {
						CreatedOnToolsVersion = 9.2;
						ProvisioningStyle = Automatic;
					};
					A9957D9A20C5D5CF00FB7C3F = {
						CreatedOnToolsVersion = 9.2;
						ProvisioningStyle = Automatic;
						TestTargetID = A9957D7F20C5D5CE00FB7C3F;
					};
					A9957DA520C5D5CF00FB7C3F = {
						CreatedOnToolsVersion = 9.2;
						ProvisioningStyle = Automatic;
						TestTargetID = A9957D7F20C5D5CE00FB7C3F;
					};
				};
			};
			buildConfigurationList = A9957D7B20C5D5CE00FB7C3F /* Build configuration list for PBXProject "TabCom_Exercise" */;
			compatibilityVersion = "Xcode 8.0";
			developmentRegion = en;
			hasScannedForEncodings = 0;
			knownRegions = (
				en,
				Base,
			);
			mainGroup = A9957D7720C5D5CE00FB7C3F;
			productRefGroup = A9957D8120C5D5CE00FB7C3F /* Products */;
			projectDirPath = "";
			projectRoot = "";
			targets = (
				A9957D7F20C5D5CE00FB7C3F /* TabCom_Exercise */,
				A9957D9A20C5D5CF00FB7C3F /* TabCom_ExerciseTests */,
				A9957DA520C5D5CF00FB7C3F /* TabCom_ExerciseUITests */,
			);
		};
/* End PBXProject section */

/* Begin PBXResourcesBuildPhase section */
		A9957D7E20C5D5CE00FB7C3F /* Resources */ = {
			isa = PBXResourcesBuildPhase;
			buildActionMask = 2147483647;
			files = (
				A9982D3B20C5E44400307F48 /* ExpensesTableViewController.xib in Resources */,
				A9982D3420C5E0A300307F48 /* Global.h in Resources */,
				A9957D9320C5D5CE00FB7C3F /* LaunchScreen.storyboard in Resources */,
				A9982D4920C5FBB300307F48 /* ExpenseTableViewCell.xib in Resources */,
				A9957D9020C5D5CE00FB7C3F /* Assets.xcassets in Resources */,
				A9957D8B20C5D5CE00FB7C3F /* Main.storyboard in Resources */,
				A9982D4020C5E56000307F48 /* ExpenseDetailTableViewController.xib in Resources */,
			);
			runOnlyForDeploymentPostprocessing = 0;
		};
		A9957D9920C5D5CF00FB7C3F /* Resources */ = {
			isa = PBXResourcesBuildPhase;
			buildActionMask = 2147483647;
			files = (
			);
			runOnlyForDeploymentPostprocessing = 0;
		};
		A9957DA420C5D5CF00FB7C3F /* Resources */ = {
			isa = PBXResourcesBuildPhase;
			buildActionMask = 2147483647;
			files = (
			);
			runOnlyForDeploymentPostprocessing = 0;
		};
/* End PBXResourcesBuildPhase section */

/* Begin PBXShellScriptBuildPhase section */
		1CAE185C7DF08869313C3849 /* [CP] Check Pods Manifest.lock */ = {
			isa = PBXShellScriptBuildPhase;
			buildActionMask = 2147483647;
			files = (
			);
			inputPaths = (
				"${PODS_PODFILE_DIR_PATH}/Podfile.lock",
				"${PODS_ROOT}/Manifest.lock",
			);
			name = "[CP] Check Pods Manifest.lock";
			outputPaths = (
				"$(DERIVED_FILE_DIR)/Pods-TabCom_Exercise-checkManifestLockResult.txt",
			);
			runOnlyForDeploymentPostprocessing = 0;
			shellPath = /bin/sh;
			shellScript = "diff \"${PODS_PODFILE_DIR_PATH}/Podfile.lock\" \"${PODS_ROOT}/Manifest.lock\" > /dev/null\nif [ $? != 0 ] ; then\n    # print error to STDERR\n    echo \"error: The sandbox is not in sync with the Podfile.lock. Run 'pod install' or update your CocoaPods installation.\" >&2\n    exit 1\nfi\n# This output is used by Xcode 'outputs' to avoid re-running this script phase.\necho \"SUCCESS\" > \"${SCRIPT_OUTPUT_FILE_0}\"\n";
			showEnvVarsInLog = 0;
		};
/* End PBXShellScriptBuildPhase section */

/* Begin PBXSourcesBuildPhase section */
		A9957D7C20C5D5CE00FB7C3F /* Sources */ = {
			isa = PBXSourcesBuildPhase;
			buildActionMask = 2147483647;
			files = (
				A9957D8E20C5D5CE00FB7C3F /* TabCom_Exercise.xcdatamodeld in Sources */,
				A9982D4420C5F7AD00307F48 /* Utility.m in Sources */,
				A9957D9620C5D5CE00FB7C3F /* main.m in Sources */,
				A9982D4D20C6219C00307F48 /* Total.m in Sources */,
				A9982D3F20C5E56000307F48 /* ExpenseDetailTableViewController.m in Sources */,
				A9982D4820C5FBB300307F48 /* ExpenseTableViewCell.m in Sources */,
				A9982D3220C5DEE500307F48 /* RequestData.m in Sources */,
				A9982D3A20C5E44400307F48 /* ExpensesTableViewController.m in Sources */,
				A9957D8520C5D5CE00FB7C3F /* AppDelegate.m in Sources */,
			);
			runOnlyForDeploymentPostprocessing = 0;
		};
		A9957D9720C5D5CF00FB7C3F /* Sources */ = {
			isa = PBXSourcesBuildPhase;
			buildActionMask = 2147483647;
			files = (
				A9957DA020C5D5CF00FB7C3F /* TabCom_ExerciseTests.m in Sources */,
			);
			runOnlyForDeploymentPostprocessing = 0;
		};
		A9957DA220C5D5CF00FB7C3F /* Sources */ = {
			isa = PBXSourcesBuildPhase;
			buildActionMask = 2147483647;
			files = (
				A9957DAB20C5D5CF00FB7C3F /* TabCom_ExerciseUITests.m in Sources */,
			);
			runOnlyForDeploymentPostprocessing = 0;
		};
/* End PBXSourcesBuildPhase section */

/* Begin PBXTargetDependency section */
		A9957D9D20C5D5CF00FB7C3F /* PBXTargetDependency */ = {
			isa = PBXTargetDependency;
			target = A9957D7F20C5D5CE00FB7C3F /* TabCom_Exercise */;
			targetProxy = A9957D9C20C5D5CF00FB7C3F /* PBXContainerItemProxy */;
		};
		A9957DA820C5D5CF00FB7C3F /* PBXTargetDependency */ = {
			isa = PBXTargetDependency;
			target = A9957D7F20C5D5CE00FB7C3F /* TabCom_Exercise */;
			targetProxy = A9957DA720C5D5CF00FB7C3F /* PBXContainerItemProxy */;
		};
/* End PBXTargetDependency section */

/* Begin PBXVariantGroup section */
		A9957D8920C5D5CE00FB7C3F /* Main.storyboard */ = {
			isa = PBXVariantGroup;
			children = (
				A9957D8A20C5D5CE00FB7C3F /* Base */,
			);
			name = Main.storyboard;
			sourceTree = "<group>";
		};
		A9957D9120C5D5CE00FB7C3F /* LaunchScreen.storyboard */ = {
			isa = PBXVariantGroup;
			children = (
				A9957D9220C5D5CE00FB7C3F /* Base */,
			);
			name = LaunchScreen.storyboard;
			sourceTree = "<group>";
		};
/* End PBXVariantGroup section */

/* Begin XCBuildConfiguration section */
		A9957DAD20C5D5CF00FB7C3F /* Debug */ = {
			isa = XCBuildConfiguration;
			buildSettings = {
				ALWAYS_SEARCH_USER_PATHS = NO;
				CLANG_ANALYZER_NONNULL = YES;
				CLANG_ANALYZER_NUMBER_OBJECT_CONVERSION = YES_AGGRESSIVE;
				CLANG_CXX_LANGUAGE_STANDARD = "gnu++14";
				CLANG_CXX_LIBRARY = "libc++";
				CLANG_ENABLE_MODULES = YES;
				CLANG_ENABLE_OBJC_ARC = YES;
				CLANG_WARN_BLOCK_CAPTURE_AUTORELEASING = YES;
				CLANG_WARN_BOOL_CONVERSION = YES;
				CLANG_WARN_COMMA = YES;
				CLANG_WARN_CONSTANT_CONVERSION = YES;
				CLANG_WARN_DIRECT_OBJC_ISA_USAGE = YES_ERROR;
				CLANG_WARN_DOCUMENTATION_COMMENTS = YES;
				CLANG_WARN_EMPTY_BODY = YES;
				CLANG_WARN_ENUM_CONVERSION = YES;
				CLANG_WARN_INFINITE_RECURSION = YES;
				CLANG_WARN_INT_CONVERSION = YES;
				CLANG_WARN_NON_LITERAL_NULL_CONVERSION = YES;
				CLANG_WARN_OBJC_LITERAL_CONVERSION = YES;
				CLANG_WARN_OBJC_ROOT_CLASS = YES_ERROR;
				CLANG_WARN_RANGE_LOOP_ANALYSIS = YES;
				CLANG_WARN_STRICT_PROTOTYPES = YES;
				CLANG_WARN_SUSPICIOUS_MOVE = YES;
				CLANG_WARN_UNGUARDED_AVAILABILITY = YES_AGGRESSIVE;
				CLANG_WARN_UNREACHABLE_CODE = YES;
				CLANG_WARN__DUPLICATE_METHOD_MATCH = YES;
				CODE_SIGN_IDENTITY = "iPhone Developer";
				COPY_PHASE_STRIP = NO;
				DEBUG_INFORMATION_FORMAT = dwarf;
				ENABLE_STRICT_OBJC_MSGSEND = YES;
				ENABLE_TESTABILITY = YES;
				GCC_C_LANGUAGE_STANDARD = gnu11;
				GCC_DYNAMIC_NO_PIC = NO;
				GCC_NO_COMMON_BLOCKS = YES;
				GCC_OPTIMIZATION_LEVEL = 0;
				GCC_PREPROCESSOR_DEFINITIONS = (
					"DEBUG=1",
					"$(inherited)",
				);
				GCC_WARN_64_TO_32_BIT_CONVERSION = YES;
				GCC_WARN_ABOUT_RETURN_TYPE = YES_ERROR;
				GCC_WARN_UNDECLARED_SELECTOR = YES;
				GCC_WARN_UNINITIALIZED_AUTOS = YES_AGGRESSIVE;
				GCC_WARN_UNUSED_FUNCTION = YES;
				GCC_WARN_UNUSED_VARIABLE = YES;
				IPHONEOS_DEPLOYMENT_TARGET = 11.2;
				MTL_ENABLE_DEBUG_INFO = YES;
				ONLY_ACTIVE_ARCH = YES;
				SDKROOT = iphoneos;
			};
			name = Debug;
		};
		A9957DAE20C5D5CF00FB7C3F /* Release */ = {
			isa = XCBuildConfiguration;
			buildSettings = {
				ALWAYS_SEARCH_USER_PATHS = NO;
				CLANG_ANALYZER_NONNULL = YES;
				CLANG_ANALYZER_NUMBER_OBJECT_CONVERSION = YES_AGGRESSIVE;
				CLANG_CXX_LANGUAGE_STANDARD = "gnu++14";
				CLANG_CXX_LIBRARY = "libc++";
				CLANG_ENABLE_MODULES = YES;
				CLANG_ENABLE_OBJC_ARC = YES;
				CLANG_WARN_BLOCK_CAPTURE_AUTORELEASING = YES;
				CLANG_WARN_BOOL_CONVERSION = YES;
				CLANG_WARN_COMMA = YES;
				CLANG_WARN_CONSTANT_CONVERSION = YES;
				CLANG_WARN_DIRECT_OBJC_ISA_USAGE = YES_ERROR;
				CLANG_WARN_DOCUMENTATION_COMMENTS = YES;
				CLANG_WARN_EMPTY_BODY = YES;
				CLANG_WARN_ENUM_CONVERSION = YES;
				CLANG_WARN_INFINITE_RECURSION = YES;
				CLANG_WARN_INT_CONVERSION = YES;
				CLANG_WARN_NON_LITERAL_NULL_CONVERSION = YES;
				CLANG_WARN_OBJC_LITERAL_CONVERSION = YES;
				CLANG_WARN_OBJC_ROOT_CLASS = YES_ERROR;
				CLANG_WARN_RANGE_LOOP_ANALYSIS = YES;
				CLANG_WARN_STRICT_PROTOTYPES = YES;
				CLANG_WARN_SUSPICIOUS_MOVE = YES;
				CLANG_WARN_UNGUARDED_AVAILABILITY = YES_AGGRESSIVE;
				CLANG_WARN_UNREACHABLE_CODE = YES;
				CLANG_WARN__DUPLICATE_METHOD_MATCH = YES;
				CODE_SIGN_IDENTITY = "iPhone Developer";
				COPY_PHASE_STRIP = NO;
				DEBUG_INFORMATION_FORMAT = "dwarf-with-dsym";
				ENABLE_NS_ASSERTIONS = NO;
				ENABLE_STRICT_OBJC_MSGSEND = YES;
				GCC_C_LANGUAGE_STANDARD = gnu11;
				GCC_NO_COMMON_BLOCKS = YES;
				GCC_WARN_64_TO_32_BIT_CONVERSION = YES;
				GCC_WARN_ABOUT_RETURN_TYPE = YES_ERROR;
				GCC_WARN_UNDECLARED_SELECTOR = YES;
				GCC_WARN_UNINITIALIZED_AUTOS = YES_AGGRESSIVE;
				GCC_WARN_UNUSED_FUNCTION = YES;
				GCC_WARN_UNUSED_VARIABLE = YES;
				IPHONEOS_DEPLOYMENT_TARGET = 11.2;
				MTL_ENABLE_DEBUG_INFO = NO;
				SDKROOT = iphoneos;
				VALIDATE_PRODUCT = YES;
			};
			name = Release;
		};
		A9957DB020C5D5CF00FB7C3F /* Debug */ = {
			isa = XCBuildConfiguration;
			baseConfigurationReference = 7DC8E0CE73CEFD584568E45B /* Pods-TabCom_Exercise.debug.xcconfig */;
			buildSettings = {
				ASSETCATALOG_COMPILER_APPICON_NAME = AppIcon;
				CODE_SIGN_STYLE = Automatic;
				DEVELOPMENT_TEAM = ZZGJ2UYWJY;
				INFOPLIST_FILE = TabCom_Exercise/Info.plist;
				LD_RUNPATH_SEARCH_PATHS = "$(inherited) @executable_path/Frameworks";
				PRODUCT_BUNDLE_IDENTIFIER = "com.loudsoftware.TabCom-Exercise";
				PRODUCT_NAME = "$(TARGET_NAME)";
				TARGETED_DEVICE_FAMILY = "1,2";
			};
			name = Debug;
		};
		A9957DB120C5D5CF00FB7C3F /* Release */ = {
			isa = XCBuildConfiguration;
			baseConfigurationReference = 951A5AE6C786E4FF8AEFEDB6 /* Pods-TabCom_Exercise.release.xcconfig */;
			buildSettings = {
				ASSETCATALOG_COMPILER_APPICON_NAME = AppIcon;
				CODE_SIGN_STYLE = Automatic;
				DEVELOPMENT_TEAM = ZZGJ2UYWJY;
				INFOPLIST_FILE = TabCom_Exercise/Info.plist;
				LD_RUNPATH_SEARCH_PATHS = "$(inherited) @executable_path/Frameworks";
				PRODUCT_BUNDLE_IDENTIFIER = "com.loudsoftware.TabCom-Exercise";
				PRODUCT_NAME = "$(TARGET_NAME)";
				TARGETED_DEVICE_FAMILY = "1,2";
			};
			name = Release;
		};
		A9957DB320C5D5CF00FB7C3F /* Debug */ = {
			isa = XCBuildConfiguration;
			buildSettings = {
				BUNDLE_LOADER = "$(TEST_HOST)";
				CODE_SIGN_STYLE = Automatic;
				DEVELOPMENT_TEAM = ZZGJ2UYWJY;
				INFOPLIST_FILE = TabCom_ExerciseTests/Info.plist;
				LD_RUNPATH_SEARCH_PATHS = "$(inherited) @executable_path/Frameworks @loader_path/Frameworks";
				PRODUCT_BUNDLE_IDENTIFIER = "com.loudsoftware.TabCom-ExerciseTests";
				PRODUCT_NAME = "$(TARGET_NAME)";
				TARGETED_DEVICE_FAMILY = "1,2";
				TEST_HOST = "$(BUILT_PRODUCTS_DIR)/TabCom_Exercise.app/TabCom_Exercise";
			};
			name = Debug;
		};
		A9957DB420C5D5CF00FB7C3F /* Release */ = {
			isa = XCBuildConfiguration;
			buildSettings = {
				BUNDLE_LOADER = "$(TEST_HOST)";
				CODE_SIGN_STYLE = Automatic;
				DEVELOPMENT_TEAM = ZZGJ2UYWJY;
				INFOPLIST_FILE = TabCom_ExerciseTests/Info.plist;
				LD_RUNPATH_SEARCH_PATHS = "$(inherited) @executable_path/Frameworks @loader_path/Frameworks";
				PRODUCT_BUNDLE_IDENTIFIER = "com.loudsoftware.TabCom-ExerciseTests";
				PRODUCT_NAME = "$(TARGET_NAME)";
				TARGETED_DEVICE_FAMILY = "1,2";
				TEST_HOST = "$(BUILT_PRODUCTS_DIR)/TabCom_Exercise.app/TabCom_Exercise";
			};
			name = Release;
		};
		A9957DB620C5D5CF00FB7C3F /* Debug */ = {
			isa = XCBuildConfiguration;
			buildSettings = {
				CODE_SIGN_STYLE = Automatic;
				DEVELOPMENT_TEAM = ZZGJ2UYWJY;
				INFOPLIST_FILE = TabCom_ExerciseUITests/Info.plist;
				LD_RUNPATH_SEARCH_PATHS = "$(inherited) @executable_path/Frameworks @loader_path/Frameworks";
				PRODUCT_BUNDLE_IDENTIFIER = "com.loudsoftware.TabCom-ExerciseUITests";
				PRODUCT_NAME = "$(TARGET_NAME)";
				TARGETED_DEVICE_FAMILY = "1,2";
				TEST_TARGET_NAME = TabCom_Exercise;
			};
			name = Debug;
		};
		A9957DB720C5D5CF00FB7C3F /* Release */ = {
			isa = XCBuildConfiguration;
			buildSettings = {
				CODE_SIGN_STYLE = Automatic;
				DEVELOPMENT_TEAM = ZZGJ2UYWJY;
				INFOPLIST_FILE = TabCom_ExerciseUITests/Info.plist;
				LD_RUNPATH_SEARCH_PATHS = "$(inherited) @executable_path/Frameworks @loader_path/Frameworks";
				PRODUCT_BUNDLE_IDENTIFIER = "com.loudsoftware.TabCom-ExerciseUITests";
				PRODUCT_NAME = "$(TARGET_NAME)";
				TARGETED_DEVICE_FAMILY = "1,2";
				TEST_TARGET_NAME = TabCom_Exercise;
			};
			name = Release;
		};
/* End XCBuildConfiguration section */

/* Begin XCConfigurationList section */
		A9957D7B20C5D5CE00FB7C3F /* Build configuration list for PBXProject "TabCom_Exercise" */ = {
			isa = XCConfigurationList;
			buildConfigurations = (
				A9957DAD20C5D5CF00FB7C3F /* Debug */,
				A9957DAE20C5D5CF00FB7C3F /* Release */,
			);
			defaultConfigurationIsVisible = 0;
			defaultConfigurationName = Release;
		};
		A9957DAF20C5D5CF00FB7C3F /* Build configuration list for PBXNativeTarget "TabCom_Exercise" */ = {
			isa = XCConfigurationList;
			buildConfigurations = (
				A9957DB020C5D5CF00FB7C3F /* Debug */,
				A9957DB120C5D5CF00FB7C3F /* Release */,
			);
			defaultConfigurationIsVisible = 0;
			defaultConfigurationName = Release;
		};
		A9957DB220C5D5CF00FB7C3F /* Build configuration list for PBXNativeTarget "TabCom_ExerciseTests" */ = {
			isa = XCConfigurationList;
			buildConfigurations = (
				A9957DB320C5D5CF00FB7C3F /* Debug */,
				A9957DB420C5D5CF00FB7C3F /* Release */,
			);
			defaultConfigurationIsVisible = 0;
			defaultConfigurationName = Release;
		};
		A9957DB520C5D5CF00FB7C3F /* Build configuration list for PBXNativeTarget "TabCom_ExerciseUITests" */ = {
			isa = XCConfigurationList;
			buildConfigurations = (
				A9957DB620C5D5CF00FB7C3F /* Debug */,
				A9957DB720C5D5CF00FB7C3F /* Release */,
			);
			defaultConfigurationIsVisible = 0;
			defaultConfigurationName = Release;
		};
/* End XCConfigurationList section */

/* Begin XCVersionGroup section */
		A9957D8C20C5D5CE00FB7C3F /* TabCom_Exercise.xcdatamodeld */ = {
			isa = XCVersionGroup;
			children = (
				A9957D8D20C5D5CE00FB7C3F /* TabCom_Exercise.xcdatamodel */,
			);
			currentVersion = A9957D8D20C5D5CE00FB7C3F /* TabCom_Exercise.xcdatamodel */;
			path = TabCom_Exercise.xcdatamodeld;
			sourceTree = "<group>";
			versionGroupType = wrapper.xcdatamodel;
		};
/* End XCVersionGroup section */
	};
	rootObject = A9957D7820C5D5CE00FB7C3F /* Project object */;
}
